
Microsoft Visual Studio Solution File, Format Version 12.00
# Visual Studio Version 17
VisualStudioVersion = 17.7.34221.43
MinimumVisualStudioVersion = 10.0.40219.1
Project("{9A19103F-16F7-4668-BE54-9A1E7A4F7556}") = "WFService", "WFService\WFService.csproj", "{12CD7ED8-000D-46D6-A888-642D64920D73}"
EndProject
Project("{9A19103F-16F7-4668-BE54-9A1E7A4F7556}") = "StateMachineWorkFlow", "StateMachineWorkFlow\StateMachineWorkFlow.csproj", "{48D0D674-0B5E-4BF4-86C3-5638BC71343B}"
EndProject
Project("{FAE04EC0-301F-11D3-BF4B-00C04F79EFBC}") = "WFServiceTest", "WFServiceTest\WFServiceTest.csproj", "{55F66BAF-5CFE-4828-A230-2C3F80CA1267}"
EndProject
Global
	GlobalSection(SolutionConfigurationPlatforms) = preSolution
		Debug|Any CPU = Debug|Any CPU
		Release|Any CPU = Release|Any CPU
	EndGlobalSection
	GlobalSection(ProjectConfigurationPlatforms) = postSolution
		{12CD7ED8-000D-46D6-A888-642D64920D73}.Debug|Any CPU.ActiveCfg = Debug|Any CPU
		{12CD7ED8-000D-46D6-A888-642D64920D73}.Debug|Any CPU.Build.0 = Debug|Any CPU
		{12CD7ED8-000D-46D6-A888-642D64920D73}.Release|Any CPU.ActiveCfg = Release|Any CPU
		{12CD7ED8-000D-46D6-A888-642D64920D73}.Release|Any CPU.Build.0 = Release|Any CPU
		{48D0D674-0B5E-4BF4-86C3-5638BC71343B}.Debug|Any CPU.ActiveCfg = Debug|Any CPU
		{48D0D674-0B5E-4BF4-86C3-5638BC71343B}.Debug|Any CPU.Build.0 = Debug|Any CPU
		{48D0D674-0B5E-4BF4-86C3-5638BC71343B}.Release|Any CPU.ActiveCfg = Release|Any CPU
		{48D0D674-0B5E-4BF4-86C3-5638BC71343B}.Release|Any CPU.Build.0 = Release|Any CPU
		{55F66BAF-5CFE-4828-A230-2C3F80CA1267}.Debug|Any CPU.ActiveCfg = Debug|Any CPU
		{55F66BAF-5CFE-4828-A230-2C3F80CA1267}.Debug|Any CPU.Build.0 = Debug|Any CPU
		{55F66BAF-5CFE-4828-A230-2C3F80CA1267}.Release|Any CPU.ActiveCfg = Release|Any CPU
		{55F66BAF-5CFE-4828-A230-2C3F80CA1267}.Release|Any CPU.Build.0 = Release|Any CPU
	EndGlobalSection
	GlobalSection(SolutionProperties) = preSolution
		HideSolutionNode = FALSE
	EndGlobalSection
	GlobalSection(ExtensibilityGlobals) = postSolution
		SolutionGuid = {41852654-0B19-45EC-A0E4-A011BDA5DE4C}
	EndGlobalSection
EndGlobal
